{
  "name": "angular-app",
  "version": "1.0.0",
  "lockfileVersion": 1,
  "requires": true,
  "dependencies": {
    "@uirouter/angularjs": {
      "version": "1.0.14",
      "resolved": "https://registry.npmjs.org/@uirouter/angularjs/-/angularjs-1.0.14.tgz",
      "integrity": "sha512-XqHQA96DiOUJthHk9d7gmzt/Fu72e/Ahn+1cuBCYhofaWecibj4AhfyvxwsdzfLo0QBDMMiYOi2GlPzXOyvo4w==",
      "requires": {
        "@uirouter/core": "5.0.16"
      }
    },
    "@uirouter/core": {
      "version": "5.0.16",
      "resolved": "https://registry.npmjs.org/@uirouter/core/-/core-5.0.16.tgz",
      "integrity": "sha512-iCEkShFX0/NflH6rmpxTLXHQpe2t8ZkxcDa0g7sQD2/tDPUgiVXHVC0Jfw0qCnUaIeWHUBOATMe8fuZrLjydqA=="
    },
    "angular": {
      "version": "1.6.9",
      "resolved": "https://registry.npmjs.org/angular/-/angular-1.6.9.tgz",
      "integrity": "sha512-6igWH2GIsxV+J38wNWCh8oyjaZsrIPIDO35twloIUyjlF2Yit6UyLAWujHP05ma/LFxTsx4NtYibRoMNBXPR1A=="
    },
    "angular-sanitize": {
      "version": "1.6.9",
      "resolved": "https://registry.npmjs.org/angular-sanitize/-/angular-sanitize-1.6.9.tgz",
      "integrity": "sha512-zWGQHWvmftkPTR0s6RCF9gx/pezR1V0swcVrkimMyBW3eK3ly7inG5BDDSt2oGExhWufV2VfnIv01T+tBUckNg=="
    }
  }
}
